// !$*UTF8*$!
{
	archiveVersion = 1;
	classes = {
	};
	objectVersion = 50;
	objects = {

/* Begin PBXBuildFile section */
		2B13F55D24EF936900C3B31E /* utils.c in Sources */ = {isa = PBXBuildFile; fileRef = 2B13F55C24EF936900C3B31E /* utils.c */; };
		2B13F56024EFBE5000C3B31E /* guaList.c in Sources */ = {isa = PBXBuildFile; fileRef = 2B13F55F24EFBE5000C3B31E /* guaList.c */; };
		2B13F56324EFBE5D00C3B31E /* guaScene.c in Sources */ = {isa = PBXBuildFile; fileRef = 2B13F56224EFBE5D00C3B31E /* guaScene.c */; };
		3C313A2A24ECCC3B00D0DC73 /* libChipmunk-Mac.a in Frameworks */ = {isa = PBXBuildFile; fileRef = 3C313A2924ECCC3B00D0DC73 /* libChipmunk-Mac.a */; };
		C24917BA24E92502009738E6 /* main.c in Sources */ = {isa = PBXBuildFile; fileRef = C24917B924E92502009738E6 /* main.c */; };
		C24917C424E925D3009738E6 /* libraylib.a in Frameworks */ = {isa = PBXBuildFile; fileRef = C24917C324E925D3009738E6 /* libraylib.a */; };
		C24917C624E92668009738E6 /* CoreVideo.framework in Frameworks */ = {isa = PBXBuildFile; fileRef = C24917C524E92668009738E6 /* CoreVideo.framework */; };
		C24917C824E9269E009738E6 /* IOKit.framework in Frameworks */ = {isa = PBXBuildFile; fileRef = C24917C724E9269E009738E6 /* IOKit.framework */; };
		C24917CA24E926AC009738E6 /* Cocoa.framework in Frameworks */ = {isa = PBXBuildFile; fileRef = C24917C924E926AC009738E6 /* Cocoa.framework */; };
		C24917CC24E926B7009738E6 /* GLUT.framework in Frameworks */ = {isa = PBXBuildFile; fileRef = C24917CB24E926B7009738E6 /* GLUT.framework */; };
		C24917CE24E926C3009738E6 /* OpenGL.framework in Frameworks */ = {isa = PBXBuildFile; fileRef = C24917CD24E926C3009738E6 /* OpenGL.framework */; };
/* End PBXBuildFile section */

/* Begin PBXCopyFilesBuildPhase section */
		C24917B424E92502009738E6 /* CopyFiles */ = {
			isa = PBXCopyFilesBuildPhase;
			buildActionMask = 2147483647;
			dstPath = /usr/share/man/man1/;
			dstSubfolderSpec = 0;
			files = (
			);
			runOnlyForDeploymentPostprocessing = 1;
		};
/* End PBXCopyFilesBuildPhase section */

/* Begin PBXFileReference section */
		2B13F55B24EF936900C3B31E /* utils.h */ = {isa = PBXFileReference; lastKnownFileType = sourcecode.c.h; path = utils.h; sourceTree = "<group>"; };
		2B13F55C24EF936900C3B31E /* utils.c */ = {isa = PBXFileReference; lastKnownFileType = sourcecode.c.c; path = utils.c; sourceTree = "<group>"; };
		2B13F55E24EFBE5000C3B31E /* guaList.h */ = {isa = PBXFileReference; lastKnownFileType = sourcecode.c.h; path = guaList.h; sourceTree = "<group>"; };
		2B13F55F24EFBE5000C3B31E /* guaList.c */ = {isa = PBXFileReference; lastKnownFileType = sourcecode.c.c; path = guaList.c; sourceTree = "<group>"; };
		2B13F56124EFBE5D00C3B31E /* guaScene.h */ = {isa = PBXFileReference; lastKnownFileType = sourcecode.c.h; path = guaScene.h; sourceTree = "<group>"; };
		2B13F56224EFBE5D00C3B31E /* guaScene.c */ = {isa = PBXFileReference; lastKnownFileType = sourcecode.c.c; path = guaScene.c; sourceTree = "<group>"; };
		3C313A2924ECCC3B00D0DC73 /* libChipmunk-Mac.a */ = {isa = PBXFileReference; lastKnownFileType = archive.ar; name = "libChipmunk-Mac.a"; path = "guagame/libs/libChipmunk-Mac.a"; sourceTree = "<group>"; };
		3C313A2F24ED6DE500D0DC73 /* libbox2d.a */ = {isa = PBXFileReference; lastKnownFileType = archive.ar; name = libbox2d.a; path = guagame/libs/libbox2d.a; sourceTree = "<group>"; };
		C24917B624E92502009738E6 /* guagame */ = {isa = PBXFileReference; explicitFileType = "compiled.mach-o.executable"; includeInIndex = 0; path = guagame; sourceTree = BUILT_PRODUCTS_DIR; };
		C24917B924E92502009738E6 /* main.c */ = {isa = PBXFileReference; lastKnownFileType = sourcecode.c.c; path = main.c; sourceTree = "<group>"; };
		C24917C024E92598009738E6 /* includes */ = {isa = PBXFileReference; lastKnownFileType = folder; name = includes; path = guagame/includes; sourceTree = "<group>"; };
		C24917C124E925BB009738E6 /* libs */ = {isa = PBXFileReference; lastKnownFileType = folder; name = libs; path = guagame/libs; sourceTree = "<group>"; };
		C24917C324E925D3009738E6 /* libraylib.a */ = {isa = PBXFileReference; lastKnownFileType = archive.ar; name = libraylib.a; path = guagame/libs/libraylib.a; sourceTree = "<group>"; };
		C24917C524E92668009738E6 /* CoreVideo.framework */ = {isa = PBXFileReference; lastKnownFileType = wrapper.framework; name = CoreVideo.framework; path = System/Library/Frameworks/CoreVideo.framework; sourceTree = SDKROOT; };
		C24917C724E9269E009738E6 /* IOKit.framework */ = {isa = PBXFileReference; lastKnownFileType = wrapper.framework; name = IOKit.framework; path = System/Library/Frameworks/IOKit.framework; sourceTree = SDKROOT; };
		C24917C924E926AC009738E6 /* Cocoa.framework */ = {isa = PBXFileReference; lastKnownFileType = wrapper.framework; name = Cocoa.framework; path = System/Library/Frameworks/Cocoa.framework; sourceTree = SDKROOT; };
		C24917CB24E926B7009738E6 /* GLUT.framework */ = {isa = PBXFileReference; lastKnownFileType = wrapper.framework; name = GLUT.framework; path = System/Library/Frameworks/GLUT.framework; sourceTree = SDKROOT; };
		C24917CD24E926C3009738E6 /* OpenGL.framework */ = {isa = PBXFileReference; lastKnownFileType = wrapper.framework; name = OpenGL.framework; path = System/Library/Frameworks/OpenGL.framework; sourceTree = SDKROOT; };
		C24917D224E93146009738E6 /* resources */ = {isa = PBXFileReference; lastKnownFileType = folder; path = resources; sourceTree = "<group>"; };
/* End PBXFileReference section */

/* Begin PBXFrameworksBuildPhase section */
		C24917B324E92502009738E6 /* Frameworks */ = {
			isa = PBXFrameworksBuildPhase;
			buildActionMask = 2147483647;
			files = (
				3C313A2A24ECCC3B00D0DC73 /* libChipmunk-Mac.a in Frameworks */,
				C24917CE24E926C3009738E6 /* OpenGL.framework in Frameworks */,
				C24917CC24E926B7009738E6 /* GLUT.framework in Frameworks */,
				C24917CA24E926AC009738E6 /* Cocoa.framework in Frameworks */,
				C24917C824E9269E009738E6 /* IOKit.framework in Frameworks */,
				C24917C624E92668009738E6 /* CoreVideo.framework in Frameworks */,
				C24917C424E925D3009738E6 /* libraylib.a in Frameworks */,
			);
			runOnlyForDeploymentPostprocessing = 0;
		};
/* End PBXFrameworksBuildPhase section */

/* Begin PBXGroup section */
		C24917AD24E92502009738E6 = {
			isa = PBXGroup;
			children = (
				C24917D224E93146009738E6 /* resources */,
				C24917C124E925BB009738E6 /* libs */,
				C24917C024E92598009738E6 /* includes */,
				C24917B824E92502009738E6 /* guagame */,
				C24917B724E92502009738E6 /* Products */,
				C24917C224E925D3009738E6 /* Frameworks */,
			);
			sourceTree = "<group>";
		};
		C24917B724E92502009738E6 /* Products */ = {
			isa = PBXGroup;
			children = (
				C24917B624E92502009738E6 /* guagame */,
			);
			name = Products;
			sourceTree = "<group>";
		};
		C24917B824E92502009738E6 /* guagame */ = {
			isa = PBXGroup;
			children = (
				C24917B924E92502009738E6 /* main.c */,
				2B13F55B24EF936900C3B31E /* utils.h */,
				2B13F55C24EF936900C3B31E /* utils.c */,
				2B13F55E24EFBE5000C3B31E /* guaList.h */,
				2B13F55F24EFBE5000C3B31E /* guaList.c */,
				2B13F56124EFBE5D00C3B31E /* guaScene.h */,
				2B13F56224EFBE5D00C3B31E /* guaScene.c */,
			);
			path = guagame;
			sourceTree = "<group>";
		};
		C24917C224E925D3009738E6 /* Frameworks */ = {
			isa = PBXGroup;
			children = (
				3C313A2F24ED6DE500D0DC73 /* libbox2d.a */,
				3C313A2924ECCC3B00D0DC73 /* libChipmunk-Mac.a */,
				C24917CD24E926C3009738E6 /* OpenGL.framework */,
				C24917CB24E926B7009738E6 /* GLUT.framework */,
				C24917C924E926AC009738E6 /* Cocoa.framework */,
				C24917C724E9269E009738E6 /* IOKit.framework */,
				C24917C524E92668009738E6 /* CoreVideo.framework */,
				C24917C324E925D3009738E6 /* libraylib.a */,
			);
			name = Frameworks;
			sourceTree = "<group>";
		};
/* End PBXGroup section */

/* Begin PBXNativeTarget section */
		C24917B524E92502009738E6 /* guagame */ = {
			isa = PBXNativeTarget;
			buildConfigurationList = C24917BD24E92502009738E6 /* Build configuration list for PBXNativeTarget "guagame" */;
			buildPhases = (
				C24917B224E92502009738E6 /* Sources */,
				C24917B324E92502009738E6 /* Frameworks */,
				C24917B424E92502009738E6 /* CopyFiles */,
				C24917D124E92E29009738E6 /* ShellScript */,
			);
			buildRules = (
			);
			dependencies = (
			);
			name = guagame;
			productName = guagame;
			productReference = C24917B624E92502009738E6 /* guagame */;
			productType = "com.apple.product-type.tool";
		};
/* End PBXNativeTarget section */

/* Begin PBXProject section */
		C24917AE24E92502009738E6 /* Project object */ = {
			isa = PBXProject;
			attributes = {
				LastUpgradeCheck = 1020;
				ORGANIZATIONNAME = axe;
				TargetAttributes = {
					C24917B524E92502009738E6 = {
						CreatedOnToolsVersion = 10.2.1;
					};
				};
			};
			buildConfigurationList = C24917B124E92502009738E6 /* Build configuration list for PBXProject "guagame" */;
			compatibilityVersion = "Xcode 9.3";
			developmentRegion = en;
			hasScannedForEncodings = 0;
			knownRegions = (
				en,
			);
			mainGroup = C24917AD24E92502009738E6;
			productRefGroup = C24917B724E92502009738E6 /* Products */;
			projectDirPath = "";
			projectRoot = "";
			targets = (
				C24917B524E92502009738E6 /* guagame */,
			);
		};
/* End PBXProject section */

/* Begin PBXShellScriptBuildPhase section */
		C24917D124E92E29009738E6 /* ShellScript */ = {
			isa = PBXShellScriptBuildPhase;
			buildActionMask = 2147483647;
			files = (
			);
			inputFileListPaths = (
			);
			inputPaths = (
			);
			outputFileListPaths = (
			);
			outputPaths = (
			);
			runOnlyForDeploymentPostprocessing = 0;
			shellPath = /bin/sh;
			shellScript = "# Type a script or drag a script file from your workspace to insert its path.\n# print the env variable\n# env\ncp -r $SOURCE_ROOT/resources $BUILT_PRODUCTS_DIR\n";
		};
/* End PBXShellScriptBuildPhase section */

/* Begin PBXSourcesBuildPhase section */
		C24917B224E92502009738E6 /* Sources */ = {
			isa = PBXSourcesBuildPhase;
			buildActionMask = 2147483647;
			files = (
				2B13F56024EFBE5000C3B31E /* guaList.c in Sources */,
				C24917BA24E92502009738E6 /* main.c in Sources */,
				2B13F56324EFBE5D00C3B31E /* guaScene.c in Sources */,
				2B13F55D24EF936900C3B31E /* utils.c in Sources */,
			);
			runOnlyForDeploymentPostprocessing = 0;
		};
/* End PBXSourcesBuildPhase section */

/* Begin XCBuildConfiguration section */
		C24917BB24E92502009738E6 /* Debug */ = {
			isa = XCBuildConfiguration;
			buildSettings = {
				ALWAYS_SEARCH_USER_PATHS = NO;
				CLANG_ANALYZER_NONNULL = YES;
				CLANG_ANALYZER_NUMBER_OBJECT_CONVERSION = YES_AGGRESSIVE;
				CLANG_CXX_LANGUAGE_STANDARD = "gnu++14";
				CLANG_CXX_LIBRARY = "libc++";
				CLANG_ENABLE_MODULES = YES;
				CLANG_ENABLE_OBJC_ARC = YES;
				CLANG_ENABLE_OBJC_WEAK = YES;
				CLANG_WARN_BLOCK_CAPTURE_AUTORELEASING = YES;
				CLANG_WARN_BOOL_CONVERSION = YES;
				CLANG_WARN_COMMA = YES;
				CLANG_WARN_CONSTANT_CONVERSION = YES;
				CLANG_WARN_DEPRECATED_OBJC_IMPLEMENTATIONS = YES;
				CLANG_WARN_DIRECT_OBJC_ISA_USAGE = YES_ERROR;
				CLANG_WARN_DOCUMENTATION_COMMENTS = YES;
				CLANG_WARN_EMPTY_BODY = YES;
				CLANG_WARN_ENUM_CONVERSION = YES;
				CLANG_WARN_INFINITE_RECURSION = YES;
				CLANG_WARN_INT_CONVERSION = YES;
				CLANG_WARN_NON_LITERAL_NULL_CONVERSION = YES;
				CLANG_WARN_OBJC_IMPLICIT_RETAIN_SELF = YES;
				CLANG_WARN_OBJC_LITERAL_CONVERSION = YES;
				CLANG_WARN_OBJC_ROOT_CLASS = YES_ERROR;
				CLANG_WARN_RANGE_LOOP_ANALYSIS = YES;
				CLANG_WARN_STRICT_PROTOTYPES = YES;
				CLANG_WARN_SUSPICIOUS_MOVE = YES;
				CLANG_WARN_UNGUARDED_AVAILABILITY = YES_AGGRESSIVE;
				CLANG_WARN_UNREACHABLE_CODE = YES;
				CLANG_WARN__DUPLICATE_METHOD_MATCH = YES;
				CODE_SIGN_IDENTITY = "-";
				COPY_PHASE_STRIP = NO;
				DEBUG_INFORMATION_FORMAT = dwarf;
				ENABLE_STRICT_OBJC_MSGSEND = YES;
				ENABLE_TESTABILITY = YES;
				GCC_C_LANGUAGE_STANDARD = gnu11;
				GCC_DYNAMIC_NO_PIC = NO;
				GCC_NO_COMMON_BLOCKS = YES;
				GCC_OPTIMIZATION_LEVEL = 0;
				GCC_PREPROCESSOR_DEFINITIONS = (
					"DEBUG=1",
					"$(inherited)",
				);
				GCC_WARN_64_TO_32_BIT_CONVERSION = YES;
				GCC_WARN_ABOUT_RETURN_TYPE = YES_ERROR;
				GCC_WARN_UNDECLARED_SELECTOR = YES;
				GCC_WARN_UNINITIALIZED_AUTOS = YES_AGGRESSIVE;
				GCC_WARN_UNUSED_FUNCTION = YES;
				GCC_WARN_UNUSED_VARIABLE = YES;
				MACOSX_DEPLOYMENT_TARGET = 10.14;
				MTL_ENABLE_DEBUG_INFO = INCLUDE_SOURCE;
				MTL_FAST_MATH = YES;
				ONLY_ACTIVE_ARCH = YES;
				SDKROOT = macosx;
			};
			name = Debug;
		};
		C24917BC24E92502009738E6 /* Release */ = {
			isa = XCBuildConfiguration;
			buildSettings = {
				ALWAYS_SEARCH_USER_PATHS = NO;
				CLANG_ANALYZER_NONNULL = YES;
				CLANG_ANALYZER_NUMBER_OBJECT_CONVERSION = YES_AGGRESSIVE;
				CLANG_CXX_LANGUAGE_STANDARD = "gnu++14";
				CLANG_CXX_LIBRARY = "libc++";
				CLANG_ENABLE_MODULES = YES;
				CLANG_ENABLE_OBJC_ARC = YES;
				CLANG_ENABLE_OBJC_WEAK = YES;
				CLANG_WARN_BLOCK_CAPTURE_AUTORELEASING = YES;
				CLANG_WARN_BOOL_CONVERSION = YES;
				CLANG_WARN_COMMA = YES;
				CLANG_WARN_CONSTANT_CONVERSION = YES;
				CLANG_WARN_DEPRECATED_OBJC_IMPLEMENTATIONS = YES;
				CLANG_WARN_DIRECT_OBJC_ISA_USAGE = YES_ERROR;
				CLANG_WARN_DOCUMENTATION_COMMENTS = YES;
				CLANG_WARN_EMPTY_BODY = YES;
				CLANG_WARN_ENUM_CONVERSION = YES;
				CLANG_WARN_INFINITE_RECURSION = YES;
				CLANG_WARN_INT_CONVERSION = YES;
				CLANG_WARN_NON_LITERAL_NULL_CONVERSION = YES;
				CLANG_WARN_OBJC_IMPLICIT_RETAIN_SELF = YES;
				CLANG_WARN_OBJC_LITERAL_CONVERSION = YES;
				CLANG_WARN_OBJC_ROOT_CLASS = YES_ERROR;
				CLANG_WARN_RANGE_LOOP_ANALYSIS = YES;
				CLANG_WARN_STRICT_PROTOTYPES = YES;
				CLANG_WARN_SUSPICIOUS_MOVE = YES;
				CLANG_WARN_UNGUARDED_AVAILABILITY = YES_AGGRESSIVE;
				CLANG_WARN_UNREACHABLE_CODE = YES;
				CLANG_WARN__DUPLICATE_METHOD_MATCH = YES;
				CODE_SIGN_IDENTITY = "-";
				COPY_PHASE_STRIP = NO;
				DEBUG_INFORMATION_FORMAT = "dwarf-with-dsym";
				ENABLE_NS_ASSERTIONS = NO;
				ENABLE_STRICT_OBJC_MSGSEND = YES;
				GCC_C_LANGUAGE_STANDARD = gnu11;
				GCC_NO_COMMON_BLOCKS = YES;
				GCC_WARN_64_TO_32_BIT_CONVERSION = YES;
				GCC_WARN_ABOUT_RETURN_TYPE = YES_ERROR;
				GCC_WARN_UNDECLARED_SELECTOR = YES;
				GCC_WARN_UNINITIALIZED_AUTOS = YES_AGGRESSIVE;
				GCC_WARN_UNUSED_FUNCTION = YES;
				GCC_WARN_UNUSED_VARIABLE = YES;
				MACOSX_DEPLOYMENT_TARGET = 10.14;
				MTL_ENABLE_DEBUG_INFO = NO;
				MTL_FAST_MATH = YES;
				SDKROOT = macosx;
			};
			name = Release;
		};
		C24917BE24E92502009738E6 /* Debug */ = {
			isa = XCBuildConfiguration;
			buildSettings = {
				CODE_SIGN_STYLE = Automatic;
				"HEADER_SEARCH_PATHS[arch=*]" = "$(SRCROOT)/includes";
				LIBRARY_SEARCH_PATHS = (
					"$(inherited)",
					"$(PROJECT_DIR)/guagame/libs",
				);
				MACOSX_DEPLOYMENT_TARGET = 10.14;
				PRODUCT_NAME = "$(TARGET_NAME)";
			};
			name = Debug;
		};
		C24917BF24E92502009738E6 /* Release */ = {
			isa = XCBuildConfiguration;
			buildSettings = {
				CODE_SIGN_STYLE = Automatic;
				HEADER_SEARCH_PATHS = "$(SRCROOT)/includes";
				LIBRARY_SEARCH_PATHS = (
					"$(inherited)",
					"$(PROJECT_DIR)/guagame/libs",
				);
				MACOSX_DEPLOYMENT_TARGET = 10.14;
				PRODUCT_NAME = "$(TARGET_NAME)";
			};
			name = Release;
		};
/* End XCBuildConfiguration section */

/* Begin XCConfigurationList section */
		C24917B124E92502009738E6 /* Build configuration list for PBXProject "guagame" */ = {
			isa = XCConfigurationList;
			buildConfigurations = (
				C24917BB24E92502009738E6 /* Debug */,
				C24917BC24E92502009738E6 /* Release */,
			);
			defaultConfigurationIsVisible = 0;
			defaultConfigurationName = Release;
		};
		C24917BD24E92502009738E6 /* Build configuration list for PBXNativeTarget "guagame" */ = {
			isa = XCConfigurationList;
			buildConfigurations = (
				C24917BE24E92502009738E6 /* Debug */,
				C24917BF24E92502009738E6 /* Release */,
			);
			defaultConfigurationIsVisible = 0;
			defaultConfigurationName = Release;
		};
/* End XCConfigurationList section */
	};
	rootObject = C24917AE24E92502009738E6 /* Project object */;
}
